{
  "name": "ffi-demo",
  "version": "1.0.0",
  "lockfileVersion": 3,
  "requires": true,
  "packages": {
    "": {
      "name": "ffi-demo",
      "version": "1.0.0",
      "license": "ISC",
      "dependencies": {
        "koffi": "^2.11.0"
      }
    },
    "node_modules/koffi": {
      "version": "2.11.0",
      "resolved": "http://npm.dzfe.net/koffi/-/koffi-2.11.0.tgz",
      "integrity": "sha512-AJ6MHz9Z8OIftKu322jrKJFvy/rZTdCD4b7F457WrK71rxYV7O5PSdWsJDN0p3rY1BZaPeLHVwyt4i2Xyk8wJg==",
      "hasInstallScript": true,
      "license": "MIT"
    }
  }
}
